
Microsoft Visual Studio Solution File, Format Version 12.00
# Visual Studio Version 17
VisualStudioVersion = 17.9.34607.119
MinimumVisualStudioVersion = 10.0.40219.1
Project("{FAE04EC0-301F-11D3-BF4B-00C04F79EFBC}") = "AdFileCleaner", "AdFileCleaner.csproj", "{08426D16-6431-4C54-B339-00057472AFD0}"
EndProject
Global
	GlobalSection(SolutionConfigurationPlatforms) = preSolution
		Debug|Any CPU = Debug|Any CPU
		Release|Any CPU = Release|Any CPU
	EndGlobalSection
	GlobalSection(ProjectConfigurationPlatforms) = postSolution
		{08426D16-6431-4C54-B339-00057472AFD0}.Debug|Any CPU.ActiveCfg = Debug|Any CPU
		{08426D16-6431-4C54-B339-00057472AFD0}.Debug|Any CPU.Build.0 = Debug|Any CPU
		{08426D16-6431-4C54-B339-00057472AFD0}.Release|Any CPU.ActiveCfg = Release|Any CPU
		{08426D16-6431-4C54-B339-00057472AFD0}.Release|Any CPU.Build.0 = Release|Any CPU
	EndGlobalSection
	GlobalSection(SolutionProperties) = preSolution
		HideSolutionNode = FALSE
	EndGlobalSection
	GlobalSection(ExtensibilityGlobals) = postSolution
		SolutionGuid = {83A1BBD7-4048-4961-B428-DE634F84595B}
	EndGlobalSection
EndGlobal
